
Microsoft Visual Studio Solution File, Format Version 12.00
# Visual Studio Version 17
VisualStudioVersion = 17.11.35208.52
MinimumVisualStudioVersion = 10.0.40219.1
Project("{FAE04EC0-301F-11D3-BF4B-00C04F79EFBC}") = "MVC-GestorTareas", "MVC-GestorTareas\MVC-GestorTareas.csproj", "{9C18C39E-D35D-44D9-AFD6-FD6519132467}"
EndProject
Project("{FAE04EC0-301F-11D3-BF4B-00C04F79EFBC}") = "MVC-GestorTareas.Entidades", "MVC-GestorTareas.Entidades\MVC-GestorTareas.Entidades.csproj", "{EE312325-4437-4F93-9376-FDFAEABE78C1}"
EndProject
Project("{FAE04EC0-301F-11D3-BF4B-00C04F79EFBC}") = "MVC-GestorTareas.Logica", "MVC-GestorTareas.Logica\MVC-GestorTareas.Logica.csproj", "{8CB1280E-5612-4AF3-B247-8A447B757A8A}"
EndProject
Global
	GlobalSection(SolutionConfigurationPlatforms) = preSolution
		Debug|Any CPU = Debug|Any CPU
		Release|Any CPU = Release|Any CPU
	EndGlobalSection
	GlobalSection(ProjectConfigurationPlatforms) = postSolution
		{9C18C39E-D35D-44D9-AFD6-FD6519132467}.Debug|Any CPU.ActiveCfg = Debug|Any CPU
		{9C18C39E-D35D-44D9-AFD6-FD6519132467}.Debug|Any CPU.Build.0 = Debug|Any CPU
		{9C18C39E-D35D-44D9-AFD6-FD6519132467}.Release|Any CPU.ActiveCfg = Release|Any CPU
		{9C18C39E-D35D-44D9-AFD6-FD6519132467}.Release|Any CPU.Build.0 = Release|Any CPU
		{EE312325-4437-4F93-9376-FDFAEABE78C1}.Debug|Any CPU.ActiveCfg = Debug|Any CPU
		{EE312325-4437-4F93-9376-FDFAEABE78C1}.Debug|Any CPU.Build.0 = Debug|Any CPU
		{EE312325-4437-4F93-9376-FDFAEABE78C1}.Release|Any CPU.ActiveCfg = Release|Any CPU
		{EE312325-4437-4F93-9376-FDFAEABE78C1}.Release|Any CPU.Build.0 = Release|Any CPU
		{8CB1280E-5612-4AF3-B247-8A447B757A8A}.Debug|Any CPU.ActiveCfg = Debug|Any CPU
		{8CB1280E-5612-4AF3-B247-8A447B757A8A}.Debug|Any CPU.Build.0 = Debug|Any CPU
		{8CB1280E-5612-4AF3-B247-8A447B757A8A}.Release|Any CPU.ActiveCfg = Release|Any CPU
		{8CB1280E-5612-4AF3-B247-8A447B757A8A}.Release|Any CPU.Build.0 = Release|Any CPU
	EndGlobalSection
	GlobalSection(SolutionProperties) = preSolution
		HideSolutionNode = FALSE
	EndGlobalSection
	GlobalSection(ExtensibilityGlobals) = postSolution
		SolutionGuid = {CEBB33A4-4F40-4682-B1AE-C9D3D6184C06}
	EndGlobalSection
EndGlobal
