
Microsoft Visual Studio Solution File, Format Version 12.00
# Visual Studio Version 17
VisualStudioVersion = 17.7.34031.279
MinimumVisualStudioVersion = 10.0.40219.1
Project("{FAE04EC0-301F-11D3-BF4B-00C04F79EFBC}") = "MultiHilos", "MultiHilos\MultiHilos.csproj", "{6164B284-671C-467C-85C8-9CA46280AF3B}"
EndProject
Global
	GlobalSection(SolutionConfigurationPlatforms) = preSolution
		Debug|Any CPU = Debug|Any CPU
		Release|Any CPU = Release|Any CPU
	EndGlobalSection
	GlobalSection(ProjectConfigurationPlatforms) = postSolution
		{6164B284-671C-467C-85C8-9CA46280AF3B}.Debug|Any CPU.ActiveCfg = Debug|Any CPU
		{6164B284-671C-467C-85C8-9CA46280AF3B}.Debug|Any CPU.Build.0 = Debug|Any CPU
		{6164B284-671C-467C-85C8-9CA46280AF3B}.Release|Any CPU.ActiveCfg = Release|Any CPU
		{6164B284-671C-467C-85C8-9CA46280AF3B}.Release|Any CPU.Build.0 = Release|Any CPU
	EndGlobalSection
	GlobalSection(SolutionProperties) = preSolution
		HideSolutionNode = FALSE
	EndGlobalSection
	GlobalSection(ExtensibilityGlobals) = postSolution
		SolutionGuid = {8B20AA8C-6486-4D66-A3BA-123322606C54}
	EndGlobalSection
EndGlobal
