
Microsoft Visual Studio Solution File, Format Version 12.00
# Visual Studio Version 17
VisualStudioVersion = 17.11.35208.52
MinimumVisualStudioVersion = 10.0.40219.1
Project("{FAE04EC0-301F-11D3-BF4B-00C04F79EFBC}") = "PW3EntityFrameworkEjemploWeb", "WebApplication1\PW3EntityFrameworkEjemploWeb.csproj", "{AEF79205-E04D-43E4-B674-32ECD0222192}"
EndProject
Project("{FAE04EC0-301F-11D3-BF4B-00C04F79EFBC}") = "PW3EntityFrameworkEjemplo.Data", "PW3EntityFrameworkEjemplo.Data\PW3EntityFrameworkEjemplo.Data.csproj", "{59A32456-CA4D-4C9B-BD73-3E323716E9E5}"
EndProject
Project("{FAE04EC0-301F-11D3-BF4B-00C04F79EFBC}") = "PW3EntityFrameworkEjemplo.Logica", "PW3EntityFrameworkEjemplo.Logica\PW3EntityFrameworkEjemplo.Logica.csproj", "{B84CEC7C-9174-4FB4-A553-3AB2B6051377}"
EndProject
Global
	GlobalSection(SolutionConfigurationPlatforms) = preSolution
		Debug|Any CPU = Debug|Any CPU
		Release|Any CPU = Release|Any CPU
	EndGlobalSection
	GlobalSection(ProjectConfigurationPlatforms) = postSolution
		{AEF79205-E04D-43E4-B674-32ECD0222192}.Debug|Any CPU.ActiveCfg = Debug|Any CPU
		{AEF79205-E04D-43E4-B674-32ECD0222192}.Debug|Any CPU.Build.0 = Debug|Any CPU
		{AEF79205-E04D-43E4-B674-32ECD0222192}.Release|Any CPU.ActiveCfg = Release|Any CPU
		{AEF79205-E04D-43E4-B674-32ECD0222192}.Release|Any CPU.Build.0 = Release|Any CPU
		{59A32456-CA4D-4C9B-BD73-3E323716E9E5}.Debug|Any CPU.ActiveCfg = Debug|Any CPU
		{59A32456-CA4D-4C9B-BD73-3E323716E9E5}.Debug|Any CPU.Build.0 = Debug|Any CPU
		{59A32456-CA4D-4C9B-BD73-3E323716E9E5}.Release|Any CPU.ActiveCfg = Release|Any CPU
		{59A32456-CA4D-4C9B-BD73-3E323716E9E5}.Release|Any CPU.Build.0 = Release|Any CPU
		{B84CEC7C-9174-4FB4-A553-3AB2B6051377}.Debug|Any CPU.ActiveCfg = Debug|Any CPU
		{B84CEC7C-9174-4FB4-A553-3AB2B6051377}.Debug|Any CPU.Build.0 = Debug|Any CPU
		{B84CEC7C-9174-4FB4-A553-3AB2B6051377}.Release|Any CPU.ActiveCfg = Release|Any CPU
		{B84CEC7C-9174-4FB4-A553-3AB2B6051377}.Release|Any CPU.Build.0 = Release|Any CPU
	EndGlobalSection
	GlobalSection(SolutionProperties) = preSolution
		HideSolutionNode = FALSE
	EndGlobalSection
	GlobalSection(ExtensibilityGlobals) = postSolution
		SolutionGuid = {F24C674A-8D10-4DF5-9C86-3C8DCFEF6D4B}
	EndGlobalSection
EndGlobal
