
Microsoft Visual Studio Solution File, Format Version 12.00
# Visual Studio Version 17
VisualStudioVersion = 17.11.35208.52
MinimumVisualStudioVersion = 10.0.40219.1
Project("{FAE04EC0-301F-11D3-BF4B-00C04F79EFBC}") = "MVC-PracticaParcialUno", "MVC-PracticaParcialUno\MVC-PracticaParcialUno.csproj", "{2D6FD80C-EAFF-44ED-A74C-C506C08FAA90}"
EndProject
Project("{FAE04EC0-301F-11D3-BF4B-00C04F79EFBC}") = "MVC-PracticaParcialUno.Services", "MVC-PracticaParcialUno.Services\MVC-PracticaParcialUno.Services.csproj", "{D4984186-BDEA-49C8-B677-78671B58CBA4}"
EndProject
Global
	GlobalSection(SolutionConfigurationPlatforms) = preSolution
		Debug|Any CPU = Debug|Any CPU
		Release|Any CPU = Release|Any CPU
	EndGlobalSection
	GlobalSection(ProjectConfigurationPlatforms) = postSolution
		{2D6FD80C-EAFF-44ED-A74C-C506C08FAA90}.Debug|Any CPU.ActiveCfg = Debug|Any CPU
		{2D6FD80C-EAFF-44ED-A74C-C506C08FAA90}.Debug|Any CPU.Build.0 = Debug|Any CPU
		{2D6FD80C-EAFF-44ED-A74C-C506C08FAA90}.Release|Any CPU.ActiveCfg = Release|Any CPU
		{2D6FD80C-EAFF-44ED-A74C-C506C08FAA90}.Release|Any CPU.Build.0 = Release|Any CPU
		{D4984186-BDEA-49C8-B677-78671B58CBA4}.Debug|Any CPU.ActiveCfg = Debug|Any CPU
		{D4984186-BDEA-49C8-B677-78671B58CBA4}.Debug|Any CPU.Build.0 = Debug|Any CPU
		{D4984186-BDEA-49C8-B677-78671B58CBA4}.Release|Any CPU.ActiveCfg = Release|Any CPU
		{D4984186-BDEA-49C8-B677-78671B58CBA4}.Release|Any CPU.Build.0 = Release|Any CPU
	EndGlobalSection
	GlobalSection(SolutionProperties) = preSolution
		HideSolutionNode = FALSE
	EndGlobalSection
	GlobalSection(ExtensibilityGlobals) = postSolution
		SolutionGuid = {891F5979-7FFC-4702-A0FD-FE077D384C3D}
	EndGlobalSection
EndGlobal
