
Microsoft Visual Studio Solution File, Format Version 12.00
# Visual Studio Version 17
VisualStudioVersion = 17.7.34031.279
MinimumVisualStudioVersion = 10.0.40219.1
Project("{FAE04EC0-301F-11D3-BF4B-00C04F79EFBC}") = "RegistroUsuarios", "RegistroUsuarios\RegistroUsuarios.csproj", "{ACC2AC30-2F48-40AD-9A48-5C87698ACABC}"
EndProject
Global
	GlobalSection(SolutionConfigurationPlatforms) = preSolution
		Debug|Any CPU = Debug|Any CPU
		Release|Any CPU = Release|Any CPU
	EndGlobalSection
	GlobalSection(ProjectConfigurationPlatforms) = postSolution
		{ACC2AC30-2F48-40AD-9A48-5C87698ACABC}.Debug|Any CPU.ActiveCfg = Debug|Any CPU
		{ACC2AC30-2F48-40AD-9A48-5C87698ACABC}.Debug|Any CPU.Build.0 = Debug|Any CPU
		{ACC2AC30-2F48-40AD-9A48-5C87698ACABC}.Release|Any CPU.ActiveCfg = Release|Any CPU
		{ACC2AC30-2F48-40AD-9A48-5C87698ACABC}.Release|Any CPU.Build.0 = Release|Any CPU
	EndGlobalSection
	GlobalSection(SolutionProperties) = preSolution
		HideSolutionNode = FALSE
	EndGlobalSection
	GlobalSection(ExtensibilityGlobals) = postSolution
		SolutionGuid = {986096BE-B5B5-444A-867D-5753D8D57BE8}
	EndGlobalSection
EndGlobal
